// !$*UTF8*$!
{
	archiveVersion = 1;
	classes = {
	};
	objectVersion = 56;
	objects = {

/* Begin PBXBuildFile section */
		8316F6C62A4149C000E529AE /* ProductAnalysisRequest.swift in Sources */ = {isa = PBXBuildFile; fileRef = 8316F6C52A4149C000E529AE /* ProductAnalysisRequest.swift */; };
		8316F6C82A414A6800E529AE /* ProductAnalysisResult.swift in Sources */ = {isa = PBXBuildFile; fileRef = 8316F6C72A414A6800E529AE /* ProductAnalysisResult.swift */; };
		8316F6CE2A4155DA00E529AE /* GetProductAnalysisUseCase.swift in Sources */ = {isa = PBXBuildFile; fileRef = 8316F6CD2A4155DA00E529AE /* GetProductAnalysisUseCase.swift */; };
		8316F6D22A4159C400E529AE /* AnalysisResultViewModel.swift in Sources */ = {isa = PBXBuildFile; fileRef = 8316F6D12A4159C400E529AE /* AnalysisResultViewModel.swift */; };
		8316F6D42A4159F200E529AE /* AnalysisResultViewModelOutput.swift in Sources */ = {isa = PBXBuildFile; fileRef = 8316F6D32A4159F200E529AE /* AnalysisResultViewModelOutput.swift */; };
		8316F6D62A415A2100E529AE /* AnalysisResultViewModelInput.swift in Sources */ = {isa = PBXBuildFile; fileRef = 8316F6D52A415A2100E529AE /* AnalysisResultViewModelInput.swift */; };
		8316F6D92A41879700E529AE /* AnalysisResultView.swift in Sources */ = {isa = PBXBuildFile; fileRef = 8316F6D82A41879700E529AE /* AnalysisResultView.swift */; };
		8316F6DE2A419B6200E529AE /* SampleFormView.swift in Sources */ = {isa = PBXBuildFile; fileRef = 8316F6DD2A419B6200E529AE /* SampleFormView.swift */; };
		8316F6E02A419B7C00E529AE /* SampleFormViewModel.swift in Sources */ = {isa = PBXBuildFile; fileRef = 8316F6DF2A419B7C00E529AE /* SampleFormViewModel.swift */; };
		8316F6E22A41B5BB00E529AE /* IngredientRowComponent.swift in Sources */ = {isa = PBXBuildFile; fileRef = 8316F6E12A41B5BB00E529AE /* IngredientRowComponent.swift */; };
		8396904C2A3C5D7600E3D262 /* SkinPediaApp.swift in Sources */ = {isa = PBXBuildFile; fileRef = 8396904B2A3C5D7600E3D262 /* SkinPediaApp.swift */; };
		839690502A3C5D7700E3D262 /* Assets.xcassets in Resources */ = {isa = PBXBuildFile; fileRef = 8396904F2A3C5D7700E3D262 /* Assets.xcassets */; };
		839690532A3C5D7700E3D262 /* Preview Assets.xcassets in Resources */ = {isa = PBXBuildFile; fileRef = 839690522A3C5D7700E3D262 /* Preview Assets.xcassets */; };
		AC6CC7F92A41DE05007BF6FA /* OCRCameraView.swift in Sources */ = {isa = PBXBuildFile; fileRef = AC6CC7F82A41DE05007BF6FA /* OCRCameraView.swift */; };
		AC6CC7FC2A41DE46007BF6FA /* CameraViewModel.swift in Sources */ = {isa = PBXBuildFile; fileRef = AC6CC7FB2A41DE46007BF6FA /* CameraViewModel.swift */; };
		AC6CC7FE2A41DEBA007BF6FA /* CameraViewProtocol.swift in Sources */ = {isa = PBXBuildFile; fileRef = AC6CC7FD2A41DEBA007BF6FA /* CameraViewProtocol.swift */; };
		AC6CC8022A41E1D2007BF6FA /* OCRViewModel.swift in Sources */ = {isa = PBXBuildFile; fileRef = AC6CC8012A41E1D2007BF6FA /* OCRViewModel.swift */; };
		AC6CC8072A41E2C7007BF6FA /* OCRViewModelProtocol.swift in Sources */ = {isa = PBXBuildFile; fileRef = AC6CC8062A41E2C7007BF6FA /* OCRViewModelProtocol.swift */; };
		AC6CC8092A421986007BF6FA /* OCRProductDetailView.swift in Sources */ = {isa = PBXBuildFile; fileRef = AC6CC8082A421986007BF6FA /* OCRProductDetailView.swift */; };
		AC76C4032A4067250009EDFE /* CosmilyAPIDataSource.swift in Sources */ = {isa = PBXBuildFile; fileRef = AC76C4022A4067250009EDFE /* CosmilyAPIDataSource.swift */; };
		AC76C4072A409D060009EDFE /* ProductAnalysis.swift in Sources */ = {isa = PBXBuildFile; fileRef = AC76C4062A409D060009EDFE /* ProductAnalysis.swift */; };
		AC76C40A2A40BDCA0009EDFE /* CosmilyAPIDataSourceProtocol.swift in Sources */ = {isa = PBXBuildFile; fileRef = AC76C4092A40BDCA0009EDFE /* CosmilyAPIDataSourceProtocol.swift */; };
		AC82D6932A3C6EBB00CC80F0 /* SkinPediaModel.xcdatamodeld in Sources */ = {isa = PBXBuildFile; fileRef = AC82D6912A3C6EBB00CC80F0 /* SkinPediaModel.xcdatamodeld */; };
		AC82D6992A3CCBFF00CC80F0 /* CoreDataManager.swift in Sources */ = {isa = PBXBuildFile; fileRef = AC82D6982A3CCBFF00CC80F0 /* CoreDataManager.swift */; };
		AC8D954E2A40C6C6002CB9AE /* SkinPediaRepository.swift in Sources */ = {isa = PBXBuildFile; fileRef = AC8D954D2A40C6C6002CB9AE /* SkinPediaRepository.swift */; };
		AC8D95502A40C6ED002CB9AE /* SkinPediaRepositoryProtocol.swift in Sources */ = {isa = PBXBuildFile; fileRef = AC8D954F2A40C6ED002CB9AE /* SkinPediaRepositoryProtocol.swift */; };
/* End PBXBuildFile section */

/* Begin PBXFileReference section */
		8316F6C52A4149C000E529AE /* ProductAnalysisRequest.swift */ = {isa = PBXFileReference; lastKnownFileType = sourcecode.swift; path = ProductAnalysisRequest.swift; sourceTree = "<group>"; };
		8316F6C72A414A6800E529AE /* ProductAnalysisResult.swift */ = {isa = PBXFileReference; lastKnownFileType = sourcecode.swift; path = ProductAnalysisResult.swift; sourceTree = "<group>"; };
		8316F6CD2A4155DA00E529AE /* GetProductAnalysisUseCase.swift */ = {isa = PBXFileReference; lastKnownFileType = sourcecode.swift; path = GetProductAnalysisUseCase.swift; sourceTree = "<group>"; };
		8316F6D12A4159C400E529AE /* AnalysisResultViewModel.swift */ = {isa = PBXFileReference; lastKnownFileType = sourcecode.swift; path = AnalysisResultViewModel.swift; sourceTree = "<group>"; };
		8316F6D32A4159F200E529AE /* AnalysisResultViewModelOutput.swift */ = {isa = PBXFileReference; lastKnownFileType = sourcecode.swift; path = AnalysisResultViewModelOutput.swift; sourceTree = "<group>"; };
		8316F6D52A415A2100E529AE /* AnalysisResultViewModelInput.swift */ = {isa = PBXFileReference; lastKnownFileType = sourcecode.swift; path = AnalysisResultViewModelInput.swift; sourceTree = "<group>"; };
		8316F6D82A41879700E529AE /* AnalysisResultView.swift */ = {isa = PBXFileReference; lastKnownFileType = sourcecode.swift; path = AnalysisResultView.swift; sourceTree = "<group>"; };
		8316F6DD2A419B6200E529AE /* SampleFormView.swift */ = {isa = PBXFileReference; lastKnownFileType = sourcecode.swift; path = SampleFormView.swift; sourceTree = "<group>"; };
		8316F6DF2A419B7C00E529AE /* SampleFormViewModel.swift */ = {isa = PBXFileReference; lastKnownFileType = sourcecode.swift; path = SampleFormViewModel.swift; sourceTree = "<group>"; };
		8316F6E12A41B5BB00E529AE /* IngredientRowComponent.swift */ = {isa = PBXFileReference; lastKnownFileType = sourcecode.swift; path = IngredientRowComponent.swift; sourceTree = "<group>"; };
		839690482A3C5D7600E3D262 /* SkinPedia.app */ = {isa = PBXFileReference; explicitFileType = wrapper.application; includeInIndex = 0; path = SkinPedia.app; sourceTree = BUILT_PRODUCTS_DIR; };
		8396904B2A3C5D7600E3D262 /* SkinPediaApp.swift */ = {isa = PBXFileReference; lastKnownFileType = sourcecode.swift; path = SkinPediaApp.swift; sourceTree = "<group>"; };
		8396904F2A3C5D7700E3D262 /* Assets.xcassets */ = {isa = PBXFileReference; lastKnownFileType = folder.assetcatalog; path = Assets.xcassets; sourceTree = "<group>"; };
		839690522A3C5D7700E3D262 /* Preview Assets.xcassets */ = {isa = PBXFileReference; lastKnownFileType = folder.assetcatalog; path = "Preview Assets.xcassets"; sourceTree = "<group>"; };
		AC6CC7F82A41DE05007BF6FA /* OCRCameraView.swift */ = {isa = PBXFileReference; lastKnownFileType = sourcecode.swift; path = OCRCameraView.swift; sourceTree = "<group>"; };
		AC6CC7FB2A41DE46007BF6FA /* CameraViewModel.swift */ = {isa = PBXFileReference; lastKnownFileType = sourcecode.swift; path = CameraViewModel.swift; sourceTree = "<group>"; };
		AC6CC7FD2A41DEBA007BF6FA /* CameraViewProtocol.swift */ = {isa = PBXFileReference; lastKnownFileType = sourcecode.swift; path = CameraViewProtocol.swift; sourceTree = "<group>"; };
		AC6CC8012A41E1D2007BF6FA /* OCRViewModel.swift */ = {isa = PBXFileReference; lastKnownFileType = sourcecode.swift; path = OCRViewModel.swift; sourceTree = "<group>"; };
		AC6CC8062A41E2C7007BF6FA /* OCRViewModelProtocol.swift */ = {isa = PBXFileReference; lastKnownFileType = sourcecode.swift; path = OCRViewModelProtocol.swift; sourceTree = "<group>"; };
		AC6CC8082A421986007BF6FA /* OCRProductDetailView.swift */ = {isa = PBXFileReference; lastKnownFileType = sourcecode.swift; path = OCRProductDetailView.swift; sourceTree = "<group>"; };
		AC76C4022A4067250009EDFE /* CosmilyAPIDataSource.swift */ = {isa = PBXFileReference; lastKnownFileType = sourcecode.swift; path = CosmilyAPIDataSource.swift; sourceTree = "<group>"; };
		AC76C4062A409D060009EDFE /* ProductAnalysis.swift */ = {isa = PBXFileReference; lastKnownFileType = sourcecode.swift; path = ProductAnalysis.swift; sourceTree = "<group>"; };
		AC76C4092A40BDCA0009EDFE /* CosmilyAPIDataSourceProtocol.swift */ = {isa = PBXFileReference; lastKnownFileType = sourcecode.swift; path = CosmilyAPIDataSourceProtocol.swift; sourceTree = "<group>"; };
		AC82D6922A3C6EBB00CC80F0 /* SkinPediaModel.xcdatamodel */ = {isa = PBXFileReference; lastKnownFileType = wrapper.xcdatamodel; path = SkinPediaModel.xcdatamodel; sourceTree = "<group>"; };
		AC82D6982A3CCBFF00CC80F0 /* CoreDataManager.swift */ = {isa = PBXFileReference; lastKnownFileType = sourcecode.swift; path = CoreDataManager.swift; sourceTree = "<group>"; };
		AC8D954D2A40C6C6002CB9AE /* SkinPediaRepository.swift */ = {isa = PBXFileReference; lastKnownFileType = sourcecode.swift; path = SkinPediaRepository.swift; sourceTree = "<group>"; };
		AC8D954F2A40C6ED002CB9AE /* SkinPediaRepositoryProtocol.swift */ = {isa = PBXFileReference; lastKnownFileType = sourcecode.swift; path = SkinPediaRepositoryProtocol.swift; sourceTree = "<group>"; };
/* End PBXFileReference section */

/* Begin PBXFrameworksBuildPhase section */
		839690452A3C5D7600E3D262 /* Frameworks */ = {
			isa = PBXFrameworksBuildPhase;
			buildActionMask = 2147483647;
			files = (
			);
			runOnlyForDeploymentPostprocessing = 0;
		};
/* End PBXFrameworksBuildPhase section */

/* Begin PBXGroup section */
		8316F6C22A41472E00E529AE /* Resources */ = {
			isa = PBXGroup;
			children = (
				8396904F2A3C5D7700E3D262 /* Assets.xcassets */,
			);
			path = Resources;
			sourceTree = "<group>";
		};
		8316F6C42A41476100E529AE /* Apps */ = {
			isa = PBXGroup;
			children = (
				8396904B2A3C5D7600E3D262 /* SkinPediaApp.swift */,
			);
			path = Apps;
			sourceTree = "<group>";
		};
		8316F6CC2A414E4E00E529AE /* UseCases */ = {
			isa = PBXGroup;
			children = (
				8316F6CD2A4155DA00E529AE /* GetProductAnalysisUseCase.swift */,
			);
			path = UseCases;
			sourceTree = "<group>";
		};
		8316F6CF2A41598400E529AE /* ViewModels */ = {
			isa = PBXGroup;
			children = (
				AC6CC8032A41E1DD007BF6FA /* CameraViewModel */,
				AC6CC7FA2A41DE1E007BF6FA /* OCRViewModel */,
				8316F6D02A4159B100E529AE /* AnalysisResultViewModel */,
				8316F6DF2A419B7C00E529AE /* SampleFormViewModel.swift */,
			);
			path = ViewModels;
			sourceTree = "<group>";
		};
		8316F6D02A4159B100E529AE /* AnalysisResultViewModel */ = {
			isa = PBXGroup;
			children = (
				8316F6D12A4159C400E529AE /* AnalysisResultViewModel.swift */,
				8316F6D32A4159F200E529AE /* AnalysisResultViewModelOutput.swift */,
				8316F6D52A415A2100E529AE /* AnalysisResultViewModelInput.swift */,
			);
			path = AnalysisResultViewModel;
			sourceTree = "<group>";
		};
		8316F6D72A415C5E00E529AE /* Views */ = {
			isa = PBXGroup;
			children = (
				8316F6D82A41879700E529AE /* AnalysisResultView.swift */,
				8316F6DD2A419B6200E529AE /* SampleFormView.swift */,
				AC6CC7F82A41DE05007BF6FA /* OCRCameraView.swift */,
				AC6CC8082A421986007BF6FA /* OCRProductDetailView.swift */,
			);
			path = Views;
			sourceTree = "<group>";
		};
		8316F6DA2A4193A600E529AE /* Deprecated */ = {
			isa = PBXGroup;
			children = (
				AC76C4062A409D060009EDFE /* ProductAnalysis.swift */,
			);
			path = Deprecated;
			sourceTree = "<group>";
		};
		8316F6DB2A419A4200E529AE /* Components */ = {
			isa = PBXGroup;
			children = (
				8316F6DC2A419A4F00E529AE /* AnalysisResult */,
			);
			path = Components;
			sourceTree = "<group>";
		};
		8316F6DC2A419A4F00E529AE /* AnalysisResult */ = {
			isa = PBXGroup;
			children = (
				8316F6E12A41B5BB00E529AE /* IngredientRowComponent.swift */,
			);
			path = AnalysisResult;
			sourceTree = "<group>";
		};
		8396903F2A3C5D7600E3D262 = {
			isa = PBXGroup;
			children = (
				8396904A2A3C5D7600E3D262 /* SkinPedia */,
				839690492A3C5D7600E3D262 /* Products */,
			);
			sourceTree = "<group>";
		};
		839690492A3C5D7600E3D262 /* Products */ = {
			isa = PBXGroup;
			children = (
				839690482A3C5D7600E3D262 /* SkinPedia.app */,
			);
			name = Products;
			sourceTree = "<group>";
		};
		8396904A2A3C5D7600E3D262 /* SkinPedia */ = {
			isa = PBXGroup;
			children = (
				AC82D69A2A3CCE1300CC80F0 /* Config */,
				AC82D6962A3CCBEA00CC80F0 /* Core */,
				AC82D68C2A3C69BB00CC80F0 /* Features */,
				839690512A3C5D7700E3D262 /* Preview Content */,
			);
			path = SkinPedia;
			sourceTree = "<group>";
		};
		839690512A3C5D7700E3D262 /* Preview Content */ = {
			isa = PBXGroup;
			children = (
				839690522A3C5D7700E3D262 /* Preview Assets.xcassets */,
			);
			path = "Preview Content";
			sourceTree = "<group>";
		};
		AC6CC7FA2A41DE1E007BF6FA /* OCRViewModel */ = {
			isa = PBXGroup;
			children = (
				AC6CC8012A41E1D2007BF6FA /* OCRViewModel.swift */,
				AC6CC8062A41E2C7007BF6FA /* OCRViewModelProtocol.swift */,
			);
			path = OCRViewModel;
			sourceTree = "<group>";
		};
		AC6CC8032A41E1DD007BF6FA /* CameraViewModel */ = {
			isa = PBXGroup;
			children = (
				AC6CC7FB2A41DE46007BF6FA /* CameraViewModel.swift */,
				AC6CC7FD2A41DEBA007BF6FA /* CameraViewProtocol.swift */,
			);
			path = CameraViewModel;
			sourceTree = "<group>";
		};
		AC76C4002A4067060009EDFE /* DataSources */ = {
			isa = PBXGroup;
			children = (
				AC76C4092A40BDCA0009EDFE /* CosmilyAPIDataSourceProtocol.swift */,
			);
			path = DataSources;
			sourceTree = "<group>";
		};
		AC76C4012A40670D0009EDFE /* Respositories */ = {
			isa = PBXGroup;
			children = (
				AC8D954F2A40C6ED002CB9AE /* SkinPediaRepositoryProtocol.swift */,
			);
			path = Respositories;
			sourceTree = "<group>";
		};
		AC76C4042A4067920009EDFE /* Data */ = {
			isa = PBXGroup;
			children = (
				AC76C4052A409CFF0009EDFE /* Entities */,
			);
			path = Data;
			sourceTree = "<group>";
		};
		AC76C4052A409CFF0009EDFE /* Entities */ = {
			isa = PBXGroup;
			children = (
				8316F6DA2A4193A600E529AE /* Deprecated */,
				8316F6C52A4149C000E529AE /* ProductAnalysisRequest.swift */,
				8316F6C72A414A6800E529AE /* ProductAnalysisResult.swift */,
			);
			path = Entities;
			sourceTree = "<group>";
		};
		AC76C4082A40BD8E0009EDFE /* DataSources */ = {
			isa = PBXGroup;
			children = (
				AC76C4022A4067250009EDFE /* CosmilyAPIDataSource.swift */,
			);
			path = DataSources;
			sourceTree = "<group>";
		};
		AC82D68C2A3C69BB00CC80F0 /* Features */ = {
			isa = PBXGroup;
			children = (
				AC82D68D2A3C69E500CC80F0 /* SkinPedia */,
			);
			path = Features;
			sourceTree = "<group>";
		};
		AC82D68D2A3C69E500CC80F0 /* SkinPedia */ = {
			isa = PBXGroup;
			children = (
				AC82D68E2A3C69F900CC80F0 /* Domain */,
				AC82D68F2A3C69FE00CC80F0 /* Data */,
				AC82D6902A3C6A0200CC80F0 /* Presentation */,
			);
			path = SkinPedia;
			sourceTree = "<group>";
		};
		AC82D68E2A3C69F900CC80F0 /* Domain */ = {
			isa = PBXGroup;
			children = (
				AC76C4002A4067060009EDFE /* DataSources */,
				AC76C4012A40670D0009EDFE /* Respositories */,
			);
			path = Domain;
			sourceTree = "<group>";
		};
		AC82D68F2A3C69FE00CC80F0 /* Data */ = {
			isa = PBXGroup;
			children = (
				AC76C4082A40BD8E0009EDFE /* DataSources */,
				AC8D954C2A40C689002CB9AE /* Repositories */,
				8316F6CC2A414E4E00E529AE /* UseCases */,
			);
			path = Data;
			sourceTree = "<group>";
		};
		AC82D6902A3C6A0200CC80F0 /* Presentation */ = {
			isa = PBXGroup;
			children = (
				8316F6DB2A419A4200E529AE /* Components */,
				8316F6D72A415C5E00E529AE /* Views */,
				8316F6CF2A41598400E529AE /* ViewModels */,
			);
			path = Presentation;
			sourceTree = "<group>";
		};
		AC82D6962A3CCBEA00CC80F0 /* Core */ = {
			isa = PBXGroup;
			children = (
				AC76C4042A4067920009EDFE /* Data */,
				AC82D6972A3CCBF300CC80F0 /* Utils */,
			);
			path = Core;
			sourceTree = "<group>";
		};
		AC82D6972A3CCBF300CC80F0 /* Utils */ = {
			isa = PBXGroup;
			children = (
				AC82D6912A3C6EBB00CC80F0 /* SkinPediaModel.xcdatamodeld */,
				AC82D6982A3CCBFF00CC80F0 /* CoreDataManager.swift */,
			);
			path = Utils;
			sourceTree = "<group>";
		};
		AC82D69A2A3CCE1300CC80F0 /* Config */ = {
			isa = PBXGroup;
			children = (
				8316F6C42A41476100E529AE /* Apps */,
				8316F6C22A41472E00E529AE /* Resources */,
			);
			name = Config;
			path = ../Config;
			sourceTree = "<group>";
		};
		AC8D954C2A40C689002CB9AE /* Repositories */ = {
			isa = PBXGroup;
			children = (
				AC8D954D2A40C6C6002CB9AE /* SkinPediaRepository.swift */,
			);
			path = Repositories;
			sourceTree = "<group>";
		};
/* End PBXGroup section */

/* Begin PBXNativeTarget section */
		839690472A3C5D7600E3D262 /* SkinPedia */ = {
			isa = PBXNativeTarget;
			buildConfigurationList = 839690562A3C5D7700E3D262 /* Build configuration list for PBXNativeTarget "SkinPedia" */;
			buildPhases = (
				839690442A3C5D7600E3D262 /* Sources */,
				839690452A3C5D7600E3D262 /* Frameworks */,
				839690462A3C5D7600E3D262 /* Resources */,
			);
			buildRules = (
			);
			dependencies = (
			);
			name = SkinPedia;
			productName = SkinPedia;
			productReference = 839690482A3C5D7600E3D262 /* SkinPedia.app */;
			productType = "com.apple.product-type.application";
		};
/* End PBXNativeTarget section */

/* Begin PBXProject section */
		839690402A3C5D7600E3D262 /* Project object */ = {
			isa = PBXProject;
			attributes = {
				BuildIndependentTargetsInParallel = 1;
				LastSwiftUpdateCheck = 1430;
				LastUpgradeCheck = 1430;
				TargetAttributes = {
					839690472A3C5D7600E3D262 = {
						CreatedOnToolsVersion = 14.3;
					};
				};
			};
			buildConfigurationList = 839690432A3C5D7600E3D262 /* Build configuration list for PBXProject "SkinPedia" */;
			compatibilityVersion = "Xcode 14.0";
			developmentRegion = en;
			hasScannedForEncodings = 0;
			knownRegions = (
				en,
				Base,
			);
			mainGroup = 8396903F2A3C5D7600E3D262;
			productRefGroup = 839690492A3C5D7600E3D262 /* Products */;
			projectDirPath = "";
			projectRoot = "";
			targets = (
				839690472A3C5D7600E3D262 /* SkinPedia */,
			);
		};
/* End PBXProject section */

/* Begin PBXResourcesBuildPhase section */
		839690462A3C5D7600E3D262 /* Resources */ = {
			isa = PBXResourcesBuildPhase;
			buildActionMask = 2147483647;
			files = (
				839690532A3C5D7700E3D262 /* Preview Assets.xcassets in Resources */,
				839690502A3C5D7700E3D262 /* Assets.xcassets in Resources */,
			);
			runOnlyForDeploymentPostprocessing = 0;
		};
/* End PBXResourcesBuildPhase section */

/* Begin PBXSourcesBuildPhase section */
		839690442A3C5D7600E3D262 /* Sources */ = {
			isa = PBXSourcesBuildPhase;
			buildActionMask = 2147483647;
			files = (
				AC6CC8092A421986007BF6FA /* OCRProductDetailView.swift in Sources */,
				8316F6DE2A419B6200E529AE /* SampleFormView.swift in Sources */,
				AC76C4072A409D060009EDFE /* ProductAnalysis.swift in Sources */,
				8316F6E02A419B7C00E529AE /* SampleFormViewModel.swift in Sources */,
				AC6CC7FE2A41DEBA007BF6FA /* CameraViewProtocol.swift in Sources */,
				8316F6E22A41B5BB00E529AE /* IngredientRowComponent.swift in Sources */,
				8316F6D92A41879700E529AE /* AnalysisResultView.swift in Sources */,
				8316F6D22A4159C400E529AE /* AnalysisResultViewModel.swift in Sources */,
				AC6CC7F92A41DE05007BF6FA /* OCRCameraView.swift in Sources */,
				AC6CC8022A41E1D2007BF6FA /* OCRViewModel.swift in Sources */,
				AC8D95502A40C6ED002CB9AE /* SkinPediaRepositoryProtocol.swift in Sources */,
				8316F6D62A415A2100E529AE /* AnalysisResultViewModelInput.swift in Sources */,
				AC82D6932A3C6EBB00CC80F0 /* SkinPediaModel.xcdatamodeld in Sources */,
				8316F6CE2A4155DA00E529AE /* GetProductAnalysisUseCase.swift in Sources */,
				AC76C40A2A40BDCA0009EDFE /* CosmilyAPIDataSourceProtocol.swift in Sources */,
				AC76C4032A4067250009EDFE /* CosmilyAPIDataSource.swift in Sources */,
				AC6CC7FC2A41DE46007BF6FA /* CameraViewModel.swift in Sources */,
				8316F6C82A414A6800E529AE /* ProductAnalysisResult.swift in Sources */,
				AC82D6992A3CCBFF00CC80F0 /* CoreDataManager.swift in Sources */,
				8316F6D42A4159F200E529AE /* AnalysisResultViewModelOutput.swift in Sources */,
				AC6CC8072A41E2C7007BF6FA /* OCRViewModelProtocol.swift in Sources */,
				8316F6C62A4149C000E529AE /* ProductAnalysisRequest.swift in Sources */,
				AC8D954E2A40C6C6002CB9AE /* SkinPediaRepository.swift in Sources */,
				8396904C2A3C5D7600E3D262 /* SkinPediaApp.swift in Sources */,
			);
			runOnlyForDeploymentPostprocessing = 0;
		};
/* End PBXSourcesBuildPhase section */

/* Begin XCBuildConfiguration section */
		839690542A3C5D7700E3D262 /* Debug */ = {
			isa = XCBuildConfiguration;
			buildSettings = {
				ALWAYS_SEARCH_USER_PATHS = NO;
				CLANG_ANALYZER_NONNULL = YES;
				CLANG_ANALYZER_NUMBER_OBJECT_CONVERSION = YES_AGGRESSIVE;
				CLANG_CXX_LANGUAGE_STANDARD = "gnu++20";
				CLANG_ENABLE_MODULES = YES;
				CLANG_ENABLE_OBJC_ARC = YES;
				CLANG_ENABLE_OBJC_WEAK = YES;
				CLANG_WARN_BLOCK_CAPTURE_AUTORELEASING = YES;
				CLANG_WARN_BOOL_CONVERSION = YES;
				CLANG_WARN_COMMA = YES;
				CLANG_WARN_CONSTANT_CONVERSION = YES;
				CLANG_WARN_DEPRECATED_OBJC_IMPLEMENTATIONS = YES;
				CLANG_WARN_DIRECT_OBJC_ISA_USAGE = YES_ERROR;
				CLANG_WARN_DOCUMENTATION_COMMENTS = YES;
				CLANG_WARN_EMPTY_BODY = YES;
				CLANG_WARN_ENUM_CONVERSION = YES;
				CLANG_WARN_INFINITE_RECURSION = YES;
				CLANG_WARN_INT_CONVERSION = YES;
				CLANG_WARN_NON_LITERAL_NULL_CONVERSION = YES;
				CLANG_WARN_OBJC_IMPLICIT_RETAIN_SELF = YES;
				CLANG_WARN_OBJC_LITERAL_CONVERSION = YES;
				CLANG_WARN_OBJC_ROOT_CLASS = YES_ERROR;
				CLANG_WARN_QUOTED_INCLUDE_IN_FRAMEWORK_HEADER = YES;
				CLANG_WARN_RANGE_LOOP_ANALYSIS = YES;
				CLANG_WARN_STRICT_PROTOTYPES = YES;
				CLANG_WARN_SUSPICIOUS_MOVE = YES;
				CLANG_WARN_UNGUARDED_AVAILABILITY = YES_AGGRESSIVE;
				CLANG_WARN_UNREACHABLE_CODE = YES;
				CLANG_WARN__DUPLICATE_METHOD_MATCH = YES;
				COPY_PHASE_STRIP = NO;
				DEBUG_INFORMATION_FORMAT = dwarf;
				ENABLE_STRICT_OBJC_MSGSEND = YES;
				ENABLE_TESTABILITY = YES;
				GCC_C_LANGUAGE_STANDARD = gnu11;
				GCC_DYNAMIC_NO_PIC = NO;
				GCC_NO_COMMON_BLOCKS = YES;
				GCC_OPTIMIZATION_LEVEL = 0;
				GCC_PREPROCESSOR_DEFINITIONS = (
					"DEBUG=1",
					"$(inherited)",
				);
				GCC_WARN_64_TO_32_BIT_CONVERSION = YES;
				GCC_WARN_ABOUT_RETURN_TYPE = YES_ERROR;
				GCC_WARN_UNDECLARED_SELECTOR = YES;
				GCC_WARN_UNINITIALIZED_AUTOS = YES_AGGRESSIVE;
				GCC_WARN_UNUSED_FUNCTION = YES;
				GCC_WARN_UNUSED_VARIABLE = YES;
				IPHONEOS_DEPLOYMENT_TARGET = 16.4;
				MTL_ENABLE_DEBUG_INFO = INCLUDE_SOURCE;
				MTL_FAST_MATH = YES;
				ONLY_ACTIVE_ARCH = YES;
				SDKROOT = iphoneos;
				SWIFT_ACTIVE_COMPILATION_CONDITIONS = DEBUG;
				SWIFT_OPTIMIZATION_LEVEL = "-Onone";
			};
			name = Debug;
		};
		839690552A3C5D7700E3D262 /* Release */ = {
			isa = XCBuildConfiguration;
			buildSettings = {
				ALWAYS_SEARCH_USER_PATHS = NO;
				CLANG_ANALYZER_NONNULL = YES;
				CLANG_ANALYZER_NUMBER_OBJECT_CONVERSION = YES_AGGRESSIVE;
				CLANG_CXX_LANGUAGE_STANDARD = "gnu++20";
				CLANG_ENABLE_MODULES = YES;
				CLANG_ENABLE_OBJC_ARC = YES;
				CLANG_ENABLE_OBJC_WEAK = YES;
				CLANG_WARN_BLOCK_CAPTURE_AUTORELEASING = YES;
				CLANG_WARN_BOOL_CONVERSION = YES;
				CLANG_WARN_COMMA = YES;
				CLANG_WARN_CONSTANT_CONVERSION = YES;
				CLANG_WARN_DEPRECATED_OBJC_IMPLEMENTATIONS = YES;
				CLANG_WARN_DIRECT_OBJC_ISA_USAGE = YES_ERROR;
				CLANG_WARN_DOCUMENTATION_COMMENTS = YES;
				CLANG_WARN_EMPTY_BODY = YES;
				CLANG_WARN_ENUM_CONVERSION = YES;
				CLANG_WARN_INFINITE_RECURSION = YES;
				CLANG_WARN_INT_CONVERSION = YES;
				CLANG_WARN_NON_LITERAL_NULL_CONVERSION = YES;
				CLANG_WARN_OBJC_IMPLICIT_RETAIN_SELF = YES;
				CLANG_WARN_OBJC_LITERAL_CONVERSION = YES;
				CLANG_WARN_OBJC_ROOT_CLASS = YES_ERROR;
				CLANG_WARN_QUOTED_INCLUDE_IN_FRAMEWORK_HEADER = YES;
				CLANG_WARN_RANGE_LOOP_ANALYSIS = YES;
				CLANG_WARN_STRICT_PROTOTYPES = YES;
				CLANG_WARN_SUSPICIOUS_MOVE = YES;
				CLANG_WARN_UNGUARDED_AVAILABILITY = YES_AGGRESSIVE;
				CLANG_WARN_UNREACHABLE_CODE = YES;
				CLANG_WARN__DUPLICATE_METHOD_MATCH = YES;
				COPY_PHASE_STRIP = NO;
				DEBUG_INFORMATION_FORMAT = "dwarf-with-dsym";
				ENABLE_NS_ASSERTIONS = NO;
				ENABLE_STRICT_OBJC_MSGSEND = YES;
				GCC_C_LANGUAGE_STANDARD = gnu11;
				GCC_NO_COMMON_BLOCKS = YES;
				GCC_WARN_64_TO_32_BIT_CONVERSION = YES;
				GCC_WARN_ABOUT_RETURN_TYPE = YES_ERROR;
				GCC_WARN_UNDECLARED_SELECTOR = YES;
				GCC_WARN_UNINITIALIZED_AUTOS = YES_AGGRESSIVE;
				GCC_WARN_UNUSED_FUNCTION = YES;
				GCC_WARN_UNUSED_VARIABLE = YES;
				IPHONEOS_DEPLOYMENT_TARGET = 16.4;
				MTL_ENABLE_DEBUG_INFO = NO;
				MTL_FAST_MATH = YES;
				SDKROOT = iphoneos;
				SWIFT_COMPILATION_MODE = wholemodule;
				SWIFT_OPTIMIZATION_LEVEL = "-O";
				VALIDATE_PRODUCT = YES;
			};
			name = Release;
		};
		839690572A3C5D7700E3D262 /* Debug */ = {
			isa = XCBuildConfiguration;
			buildSettings = {
				ASSETCATALOG_COMPILER_APPICON_NAME = AppIcon;
				ASSETCATALOG_COMPILER_GLOBAL_ACCENT_COLOR_NAME = AccentColor;
				CODE_SIGN_STYLE = Automatic;
				CURRENT_PROJECT_VERSION = 1;
				DEVELOPMENT_ASSET_PATHS = "\"SkinPedia/Preview Content\"";
				DEVELOPMENT_TEAM = 382VG5FRJK;
				ENABLE_PREVIEWS = YES;
				GENERATE_INFOPLIST_FILE = YES;
				INFOPLIST_KEY_NSCameraUsageDescription = "";
				INFOPLIST_KEY_UIApplicationSceneManifest_Generation = YES;
				INFOPLIST_KEY_UIApplicationSupportsIndirectInputEvents = YES;
				INFOPLIST_KEY_UILaunchScreen_Generation = YES;
				INFOPLIST_KEY_UISupportedInterfaceOrientations_iPad = "UIInterfaceOrientationPortrait UIInterfaceOrientationPortraitUpsideDown UIInterfaceOrientationLandscapeLeft UIInterfaceOrientationLandscapeRight";
				INFOPLIST_KEY_UISupportedInterfaceOrientations_iPhone = "UIInterfaceOrientationPortrait UIInterfaceOrientationLandscapeLeft UIInterfaceOrientationLandscapeRight";
				LD_RUNPATH_SEARCH_PATHS = (
					"$(inherited)",
					"@executable_path/Frameworks",
				);
				MARKETING_VERSION = 1.0;
				PRODUCT_BUNDLE_IDENTIFIER = com.levelup.SkinPedia;
				PRODUCT_NAME = "$(TARGET_NAME)";
				SWIFT_EMIT_LOC_STRINGS = YES;
				SWIFT_VERSION = 5.0;
				TARGETED_DEVICE_FAMILY = "1,2";
			};
			name = Debug;
		};
		839690582A3C5D7700E3D262 /* Release */ = {
			isa = XCBuildConfiguration;
			buildSettings = {
				ASSETCATALOG_COMPILER_APPICON_NAME = AppIcon;
				ASSETCATALOG_COMPILER_GLOBAL_ACCENT_COLOR_NAME = AccentColor;
				CODE_SIGN_STYLE = Automatic;
				CURRENT_PROJECT_VERSION = 1;
				DEVELOPMENT_ASSET_PATHS = "\"SkinPedia/Preview Content\"";
				DEVELOPMENT_TEAM = 382VG5FRJK;
				ENABLE_PREVIEWS = YES;
				GENERATE_INFOPLIST_FILE = YES;
				INFOPLIST_KEY_NSCameraUsageDescription = "";
				INFOPLIST_KEY_UIApplicationSceneManifest_Generation = YES;
				INFOPLIST_KEY_UIApplicationSupportsIndirectInputEvents = YES;
				INFOPLIST_KEY_UILaunchScreen_Generation = YES;
				INFOPLIST_KEY_UISupportedInterfaceOrientations_iPad = "UIInterfaceOrientationPortrait UIInterfaceOrientationPortraitUpsideDown UIInterfaceOrientationLandscapeLeft UIInterfaceOrientationLandscapeRight";
				INFOPLIST_KEY_UISupportedInterfaceOrientations_iPhone = "UIInterfaceOrientationPortrait UIInterfaceOrientationLandscapeLeft UIInterfaceOrientationLandscapeRight";
				LD_RUNPATH_SEARCH_PATHS = (
					"$(inherited)",
					"@executable_path/Frameworks",
				);
				MARKETING_VERSION = 1.0;
				PRODUCT_BUNDLE_IDENTIFIER = com.levelup.SkinPedia;
				PRODUCT_NAME = "$(TARGET_NAME)";
				SWIFT_EMIT_LOC_STRINGS = YES;
				SWIFT_VERSION = 5.0;
				TARGETED_DEVICE_FAMILY = "1,2";
			};
			name = Release;
		};
/* End XCBuildConfiguration section */

/* Begin XCConfigurationList section */
		839690432A3C5D7600E3D262 /* Build configuration list for PBXProject "SkinPedia" */ = {
			isa = XCConfigurationList;
			buildConfigurations = (
				839690542A3C5D7700E3D262 /* Debug */,
				839690552A3C5D7700E3D262 /* Release */,
			);
			defaultConfigurationIsVisible = 0;
			defaultConfigurationName = Release;
		};
		839690562A3C5D7700E3D262 /* Build configuration list for PBXNativeTarget "SkinPedia" */ = {
			isa = XCConfigurationList;
			buildConfigurations = (
				839690572A3C5D7700E3D262 /* Debug */,
				839690582A3C5D7700E3D262 /* Release */,
			);
			defaultConfigurationIsVisible = 0;
			defaultConfigurationName = Release;
		};
/* End XCConfigurationList section */

/* Begin XCVersionGroup section */
		AC82D6912A3C6EBB00CC80F0 /* SkinPediaModel.xcdatamodeld */ = {
			isa = XCVersionGroup;
			children = (
				AC82D6922A3C6EBB00CC80F0 /* SkinPediaModel.xcdatamodel */,
			);
			currentVersion = AC82D6922A3C6EBB00CC80F0 /* SkinPediaModel.xcdatamodel */;
			path = SkinPediaModel.xcdatamodeld;
			sourceTree = "<group>";
			versionGroupType = wrapper.xcdatamodel;
		};
/* End XCVersionGroup section */
	};
	rootObject = 839690402A3C5D7600E3D262 /* Project object */;
}
